// !$*UTF8*$!
{
	archiveVersion = 1;
	classes = {
	};
	objectVersion = 50;
	objects = {

/* Begin PBXBuildFile section */
		914E4EC923E48F5200C88AC9 /* AppDelegate.swift in Sources */ = {isa = PBXBuildFile; fileRef = 914E4EC823E48F5200C88AC9 /* AppDelegate.swift */; };
		914E4ECB23E48F5200C88AC9 /* SceneDelegate.swift in Sources */ = {isa = PBXBuildFile; fileRef = 914E4ECA23E48F5200C88AC9 /* SceneDelegate.swift */; };
		914E4ECD23E48F5200C88AC9 /* ViewController.swift in Sources */ = {isa = PBXBuildFile; fileRef = 914E4ECC23E48F5200C88AC9 /* ViewController.swift */; };
		914E4ED023E48F5200C88AC9 /* Main.storyboard in Resources */ = {isa = PBXBuildFile; fileRef = 914E4ECE23E48F5200C88AC9 /* Main.storyboard */; };
		914E4ED223E48F5400C88AC9 /* Assets.xcassets in Resources */ = {isa = PBXBuildFile; fileRef = 914E4ED123E48F5400C88AC9 /* Assets.xcassets */; };
		914E4ED523E48F5400C88AC9 /* LaunchScreen.storyboard in Resources */ = {isa = PBXBuildFile; fileRef = 914E4ED323E48F5400C88AC9 /* LaunchScreen.storyboard */; };
		914E4EE423E4912500C88AC9 /* A.wav in Resources */ = {isa = PBXBuildFile; fileRef = 914E4EDD23E4912500C88AC9 /* A.wav */; };
		914E4EE523E4912500C88AC9 /* C.wav in Resources */ = {isa = PBXBuildFile; fileRef = 914E4EDE23E4912500C88AC9 /* C.wav */; };
		914E4EE623E4912500C88AC9 /* B.wav in Resources */ = {isa = PBXBuildFile; fileRef = 914E4EDF23E4912500C88AC9 /* B.wav */; };
		914E4EE723E4912500C88AC9 /* F.wav in Resources */ = {isa = PBXBuildFile; fileRef = 914E4EE023E4912500C88AC9 /* F.wav */; };
		914E4EE823E4912500C88AC9 /* G.wav in Resources */ = {isa = PBXBuildFile; fileRef = 914E4EE123E4912500C88AC9 /* G.wav */; };
		914E4EE923E4912500C88AC9 /* E.wav in Resources */ = {isa = PBXBuildFile; fileRef = 914E4EE223E4912500C88AC9 /* E.wav */; };
		914E4EEA23E4912500C88AC9 /* D.wav in Resources */ = {isa = PBXBuildFile; fileRef = 914E4EE323E4912500C88AC9 /* D.wav */; };
/* End PBXBuildFile section */

/* Begin PBXFileReference section */
		914E4EC523E48F5200C88AC9 /* Xylophone.app */ = {isa = PBXFileReference; explicitFileType = wrapper.application; includeInIndex = 0; path = Xylophone.app; sourceTree = BUILT_PRODUCTS_DIR; };
		914E4EC823E48F5200C88AC9 /* AppDelegate.swift */ = {isa = PBXFileReference; lastKnownFileType = sourcecode.swift; path = AppDelegate.swift; sourceTree = "<group>"; };
		914E4ECA23E48F5200C88AC9 /* SceneDelegate.swift */ = {isa = PBXFileReference; lastKnownFileType = sourcecode.swift; path = SceneDelegate.swift; sourceTree = "<group>"; };
		914E4ECC23E48F5200C88AC9 /* ViewController.swift */ = {isa = PBXFileReference; lastKnownFileType = sourcecode.swift; path = ViewController.swift; sourceTree = "<group>"; };
		914E4ECF23E48F5200C88AC9 /* Base */ = {isa = PBXFileReference; lastKnownFileType = file.storyboard; name = Base; path = Base.lproj/Main.storyboard; sourceTree = "<group>"; };
		914E4ED123E48F5400C88AC9 /* Assets.xcassets */ = {isa = PBXFileReference; lastKnownFileType = folder.assetcatalog; path = Assets.xcassets; sourceTree = "<group>"; };
		914E4ED423E48F5400C88AC9 /* Base */ = {isa = PBXFileReference; lastKnownFileType = file.storyboard; name = Base; path = Base.lproj/LaunchScreen.storyboard; sourceTree = "<group>"; };
		914E4ED623E48F5400C88AC9 /* Info.plist */ = {isa = PBXFileReference; lastKnownFileType = text.plist.xml; path = Info.plist; sourceTree = "<group>"; };
		914E4EDD23E4912500C88AC9 /* A.wav */ = {isa = PBXFileReference; lastKnownFileType = audio.wav; path = A.wav; sourceTree = "<group>"; };
		914E4EDE23E4912500C88AC9 /* C.wav */ = {isa = PBXFileReference; lastKnownFileType = audio.wav; path = C.wav; sourceTree = "<group>"; };
		914E4EDF23E4912500C88AC9 /* B.wav */ = {isa = PBXFileReference; lastKnownFileType = audio.wav; path = B.wav; sourceTree = "<group>"; };
		914E4EE023E4912500C88AC9 /* F.wav */ = {isa = PBXFileReference; lastKnownFileType = audio.wav; path = F.wav; sourceTree = "<group>"; };
		914E4EE123E4912500C88AC9 /* G.wav */ = {isa = PBXFileReference; lastKnownFileType = audio.wav; path = G.wav; sourceTree = "<group>"; };
		914E4EE223E4912500C88AC9 /* E.wav */ = {isa = PBXFileReference; lastKnownFileType = audio.wav; path = E.wav; sourceTree = "<group>"; };
		914E4EE323E4912500C88AC9 /* D.wav */ = {isa = PBXFileReference; lastKnownFileType = audio.wav; path = D.wav; sourceTree = "<group>"; };
/* End PBXFileReference section */

/* Begin PBXFrameworksBuildPhase section */
		914E4EC223E48F5200C88AC9 /* Frameworks */ = {
			isa = PBXFrameworksBuildPhase;
			buildActionMask = 2147483647;
			files = (
			);
			runOnlyForDeploymentPostprocessing = 0;
		};
/* End PBXFrameworksBuildPhase section */

/* Begin PBXGroup section */
		914E4EBC23E48F5200C88AC9 = {
			isa = PBXGroup;
			children = (
				914E4EC723E48F5200C88AC9 /* Xylophone */,
				914E4EC623E48F5200C88AC9 /* Products */,
			);
			sourceTree = "<group>";
		};
		914E4EC623E48F5200C88AC9 /* Products */ = {
			isa = PBXGroup;
			children = (
				914E4EC523E48F5200C88AC9 /* Xylophone.app */,
			);
			name = Products;
			sourceTree = "<group>";
		};
		914E4EC723E48F5200C88AC9 /* Xylophone */ = {
			isa = PBXGroup;
			children = (
				914E4EC823E48F5200C88AC9 /* AppDelegate.swift */,
				914E4ECA23E48F5200C88AC9 /* SceneDelegate.swift */,
				914E4ECC23E48F5200C88AC9 /* ViewController.swift */,
				914E4ECE23E48F5200C88AC9 /* Main.storyboard */,
				914E4ED123E48F5400C88AC9 /* Assets.xcassets */,
				914E4ED323E48F5400C88AC9 /* LaunchScreen.storyboard */,
				914E4ED623E48F5400C88AC9 /* Info.plist */,
				914E4EDC23E4912500C88AC9 /* Sounds */,
			);
			path = Xylophone;
			sourceTree = "<group>";
		};
		914E4EDC23E4912500C88AC9 /* Sounds */ = {
			isa = PBXGroup;
			children = (
				914E4EDD23E4912500C88AC9 /* A.wav */,
				914E4EDE23E4912500C88AC9 /* C.wav */,
				914E4EDF23E4912500C88AC9 /* B.wav */,
				914E4EE023E4912500C88AC9 /* F.wav */,
				914E4EE123E4912500C88AC9 /* G.wav */,
				914E4EE223E4912500C88AC9 /* E.wav */,
				914E4EE323E4912500C88AC9 /* D.wav */,
			);
			path = Sounds;
			sourceTree = "<group>";
		};
/* End PBXGroup section */

/* Begin PBXNativeTarget section */
		914E4EC423E48F5200C88AC9 /* Xylophone */ = {
			isa = PBXNativeTarget;
			buildConfigurationList = 914E4ED923E48F5400C88AC9 /* Build configuration list for PBXNativeTarget "Xylophone" */;
			buildPhases = (
				914E4EC123E48F5200C88AC9 /* Sources */,
				914E4EC223E48F5200C88AC9 /* Frameworks */,
				914E4EC323E48F5200C88AC9 /* Resources */,
			);
			buildRules = (
			);
			dependencies = (
			);
			name = Xylophone;
			productName = Xylophone;
			productReference = 914E4EC523E48F5200C88AC9 /* Xylophone.app */;
			productType = "com.apple.product-type.application";
		};
/* End PBXNativeTarget section */

/* Begin PBXProject section */
		914E4EBD23E48F5200C88AC9 /* Project object */ = {
			isa = PBXProject;
			attributes = {
				LastSwiftUpdateCheck = 1130;
				LastUpgradeCheck = 1130;
				ORGANIZATIONNAME = "Yegor Zubarets";
				TargetAttributes = {
					914E4EC423E48F5200C88AC9 = {
						CreatedOnToolsVersion = 11.3.1;
					};
				};
			};
			buildConfigurationList = 914E4EC023E48F5200C88AC9 /* Build configuration list for PBXProject "Xylophone" */;
			compatibilityVersion = "Xcode 9.3";
			developmentRegion = en;
			hasScannedForEncodings = 0;
			knownRegions = (
				en,
				Base,
			);
			mainGroup = 914E4EBC23E48F5200C88AC9;
			productRefGroup = 914E4EC623E48F5200C88AC9 /* Products */;
			projectDirPath = "";
			projectRoot = "";
			targets = (
				914E4EC423E48F5200C88AC9 /* Xylophone */,
			);
		};
/* End PBXProject section */

/* Begin PBXResourcesBuildPhase section */
		914E4EC323E48F5200C88AC9 /* Resources */ = {
			isa = PBXResourcesBuildPhase;
			buildActionMask = 2147483647;
			files = (
				914E4EE823E4912500C88AC9 /* G.wav in Resources */,
				914E4ED523E48F5400C88AC9 /* LaunchScreen.storyboard in Resources */,
				914E4EE723E4912500C88AC9 /* F.wav in Resources */,
				914E4ED223E48F5400C88AC9 /* Assets.xcassets in Resources */,
				914E4EE423E4912500C88AC9 /* A.wav in Resources */,
				914E4EE623E4912500C88AC9 /* B.wav in Resources */,
				914E4EE923E4912500C88AC9 /* E.wav in Resources */,
				914E4EEA23E4912500C88AC9 /* D.wav in Resources */,
				914E4ED023E48F5200C88AC9 /* Main.storyboard in Resources */,
				914E4EE523E4912500C88AC9 /* C.wav in Resources */,
			);
			runOnlyForDeploymentPostprocessing = 0;
		};
/* End PBXResourcesBuildPhase section */

/* Begin PBXSourcesBuildPhase section */
		914E4EC123E48F5200C88AC9 /* Sources */ = {
			isa = PBXSourcesBuildPhase;
			buildActionMask = 2147483647;
			files = (
				914E4ECD23E48F5200C88AC9 /* ViewController.swift in Sources */,
				914E4EC923E48F5200C88AC9 /* AppDelegate.swift in Sources */,
				914E4ECB23E48F5200C88AC9 /* SceneDelegate.swift in Sources */,
			);
			runOnlyForDeploymentPostprocessing = 0;
		};
/* End PBXSourcesBuildPhase section */

/* Begin PBXVariantGroup section */
		914E4ECE23E48F5200C88AC9 /* Main.storyboard */ = {
			isa = PBXVariantGroup;
			children = (
				914E4ECF23E48F5200C88AC9 /* Base */,
			);
			name = Main.storyboard;
			sourceTree = "<group>";
		};
		914E4ED323E48F5400C88AC9 /* LaunchScreen.storyboard */ = {
			isa = PBXVariantGroup;
			children = (
				914E4ED423E48F5400C88AC9 /* Base */,
			);
			name = LaunchScreen.storyboard;
			sourceTree = "<group>";
		};
/* End PBXVariantGroup section */

/* Begin XCBuildConfiguration section */
		914E4ED723E48F5400C88AC9 /* Debug */ = {
			isa = XCBuildConfiguration;
			buildSettings = {
				ALWAYS_SEARCH_USER_PATHS = NO;
				CLANG_ANALYZER_NONNULL = YES;
				CLANG_ANALYZER_NUMBER_OBJECT_CONVERSION = YES_AGGRESSIVE;
				CLANG_CXX_LANGUAGE_STANDARD = "gnu++14";
				CLANG_CXX_LIBRARY = "libc++";
				CLANG_ENABLE_MODULES = YES;
				CLANG_ENABLE_OBJC_ARC = YES;
				CLANG_ENABLE_OBJC_WEAK = YES;
				CLANG_WARN_BLOCK_CAPTURE_AUTORELEASING = YES;
				CLANG_WARN_BOOL_CONVERSION = YES;
				CLANG_WARN_COMMA = YES;
				CLANG_WARN_CONSTANT_CONVERSION = YES;
				CLANG_WARN_DEPRECATED_OBJC_IMPLEMENTATIONS = YES;
				CLANG_WARN_DIRECT_OBJC_ISA_USAGE = YES_ERROR;
				CLANG_WARN_DOCUMENTATION_COMMENTS = YES;
				CLANG_WARN_EMPTY_BODY = YES;
				CLANG_WARN_ENUM_CONVERSION = YES;
				CLANG_WARN_INFINITE_RECURSION = YES;
				CLANG_WARN_INT_CONVERSION = YES;
				CLANG_WARN_NON_LITERAL_NULL_CONVERSION = YES;
				CLANG_WARN_OBJC_IMPLICIT_RETAIN_SELF = YES;
				CLANG_WARN_OBJC_LITERAL_CONVERSION = YES;
				CLANG_WARN_OBJC_ROOT_CLASS = YES_ERROR;
				CLANG_WARN_RANGE_LOOP_ANALYSIS = YES;
				CLANG_WARN_STRICT_PROTOTYPES = YES;
				CLANG_WARN_SUSPICIOUS_MOVE = YES;
				CLANG_WARN_UNGUARDED_AVAILABILITY = YES_AGGRESSIVE;
				CLANG_WARN_UNREACHABLE_CODE = YES;
				CLANG_WARN__DUPLICATE_METHOD_MATCH = YES;
				COPY_PHASE_STRIP = NO;
				DEBUG_INFORMATION_FORMAT = dwarf;
				ENABLE_STRICT_OBJC_MSGSEND = YES;
				ENABLE_TESTABILITY = YES;
				GCC_C_LANGUAGE_STANDARD = gnu11;
				GCC_DYNAMIC_NO_PIC = NO;
				GCC_NO_COMMON_BLOCKS = YES;
				GCC_OPTIMIZATION_LEVEL = 0;
				GCC_PREPROCESSOR_DEFINITIONS = (
					"DEBUG=1",
					"$(inherited)",
				);
				GCC_WARN_64_TO_32_BIT_CONVERSION = YES;
				GCC_WARN_ABOUT_RETURN_TYPE = YES_ERROR;
				GCC_WARN_UNDECLARED_SELECTOR = YES;
				GCC_WARN_UNINITIALIZED_AUTOS = YES_AGGRESSIVE;
				GCC_WARN_UNUSED_FUNCTION = YES;
				GCC_WARN_UNUSED_VARIABLE = YES;
				IPHONEOS_DEPLOYMENT_TARGET = 13.2;
				MTL_ENABLE_DEBUG_INFO = INCLUDE_SOURCE;
				MTL_FAST_MATH = YES;
				ONLY_ACTIVE_ARCH = YES;
				SDKROOT = iphoneos;
				SWIFT_ACTIVE_COMPILATION_CONDITIONS = DEBUG;
				SWIFT_OPTIMIZATION_LEVEL = "-Onone";
			};
			name = Debug;
		};
		914E4ED823E48F5400C88AC9 /* Release */ = {
			isa = XCBuildConfiguration;
			buildSettings = {
				ALWAYS_SEARCH_USER_PATHS = NO;
				CLANG_ANALYZER_NONNULL = YES;
				CLANG_ANALYZER_NUMBER_OBJECT_CONVERSION = YES_AGGRESSIVE;
				CLANG_CXX_LANGUAGE_STANDARD = "gnu++14";
				CLANG_CXX_LIBRARY = "libc++";
				CLANG_ENABLE_MODULES = YES;
				CLANG_ENABLE_OBJC_ARC = YES;
				CLANG_ENABLE_OBJC_WEAK = YES;
				CLANG_WARN_BLOCK_CAPTURE_AUTORELEASING = YES;
				CLANG_WARN_BOOL_CONVERSION = YES;
				CLANG_WARN_COMMA = YES;
				CLANG_WARN_CONSTANT_CONVERSION = YES;
				CLANG_WARN_DEPRECATED_OBJC_IMPLEMENTATIONS = YES;
				CLANG_WARN_DIRECT_OBJC_ISA_USAGE = YES_ERROR;
				CLANG_WARN_DOCUMENTATION_COMMENTS = YES;
				CLANG_WARN_EMPTY_BODY = YES;
				CLANG_WARN_ENUM_CONVERSION = YES;
				CLANG_WARN_INFINITE_RECURSION = YES;
				CLANG_WARN_INT_CONVERSION = YES;
				CLANG_WARN_NON_LITERAL_NULL_CONVERSION = YES;
				CLANG_WARN_OBJC_IMPLICIT_RETAIN_SELF = YES;
				CLANG_WARN_OBJC_LITERAL_CONVERSION = YES;
				CLANG_WARN_OBJC_ROOT_CLASS = YES_ERROR;
				CLANG_WARN_RANGE_LOOP_ANALYSIS = YES;
				CLANG_WARN_STRICT_PROTOTYPES = YES;
				CLANG_WARN_SUSPICIOUS_MOVE = YES;
				CLANG_WARN_UNGUARDED_AVAILABILITY = YES_AGGRESSIVE;
				CLANG_WARN_UNREACHABLE_CODE = YES;
				CLANG_WARN__DUPLICATE_METHOD_MATCH = YES;
				COPY_PHASE_STRIP = NO;
				DEBUG_INFORMATION_FORMAT = "dwarf-with-dsym";
				ENABLE_NS_ASSERTIONS = NO;
				ENABLE_STRICT_OBJC_MSGSEND = YES;
				GCC_C_LANGUAGE_STANDARD = gnu11;
				GCC_NO_COMMON_BLOCKS = YES;
				GCC_WARN_64_TO_32_BIT_CONVERSION = YES;
				GCC_WARN_ABOUT_RETURN_TYPE = YES_ERROR;
				GCC_WARN_UNDECLARED_SELECTOR = YES;
				GCC_WARN_UNINITIALIZED_AUTOS = YES_AGGRESSIVE;
				GCC_WARN_UNUSED_FUNCTION = YES;
				GCC_WARN_UNUSED_VARIABLE = YES;
				IPHONEOS_DEPLOYMENT_TARGET = 13.2;
				MTL_ENABLE_DEBUG_INFO = NO;
				MTL_FAST_MATH = YES;
				SDKROOT = iphoneos;
				SWIFT_COMPILATION_MODE = wholemodule;
				SWIFT_OPTIMIZATION_LEVEL = "-O";
				VALIDATE_PRODUCT = YES;
			};
			name = Release;
		};
		914E4EDA23E48F5400C88AC9 /* Debug */ = {
			isa = XCBuildConfiguration;
			buildSettings = {
				ASSETCATALOG_COMPILER_APPICON_NAME = AppIcon;
				CODE_SIGN_STYLE = Automatic;
				DEVELOPMENT_TEAM = 42VUTDGZHN;
				INFOPLIST_FILE = Xylophone/Info.plist;
				LD_RUNPATH_SEARCH_PATHS = (
					"$(inherited)",
					"@executable_path/Frameworks",
				);
				PRODUCT_BUNDLE_IDENTIFIER = com.yokeapp.Xylophone;
				PRODUCT_NAME = "$(TARGET_NAME)";
				SWIFT_VERSION = 5.0;
				TARGETED_DEVICE_FAMILY = "1,2";
			};
			name = Debug;
		};
		914E4EDB23E48F5400C88AC9 /* Release */ = {
			isa = XCBuildConfiguration;
			buildSettings = {
				ASSETCATALOG_COMPILER_APPICON_NAME = AppIcon;
				CODE_SIGN_STYLE = Automatic;
				DEVELOPMENT_TEAM = 42VUTDGZHN;
				INFOPLIST_FILE = Xylophone/Info.plist;
				LD_RUNPATH_SEARCH_PATHS = (
					"$(inherited)",
					"@executable_path/Frameworks",
				);
				PRODUCT_BUNDLE_IDENTIFIER = com.yokeapp.Xylophone;
				PRODUCT_NAME = "$(TARGET_NAME)";
				SWIFT_VERSION = 5.0;
				TARGETED_DEVICE_FAMILY = "1,2";
			};
			name = Release;
		};
/* End XCBuildConfiguration section */

/* Begin XCConfigurationList section */
		914E4EC023E48F5200C88AC9 /* Build configuration list for PBXProject "Xylophone" */ = {
			isa = XCConfigurationList;
			buildConfigurations = (
				914E4ED723E48F5400C88AC9 /* Debug */,
				914E4ED823E48F5400C88AC9 /* Release */,
			);
			defaultConfigurationIsVisible = 0;
			defaultConfigurationName = Release;
		};
		914E4ED923E48F5400C88AC9 /* Build configuration list for PBXNativeTarget "Xylophone" */ = {
			isa = XCConfigurationList;
			buildConfigurations = (
				914E4EDA23E48F5400C88AC9 /* Debug */,
				914E4EDB23E48F5400C88AC9 /* Release */,
			);
			defaultConfigurationIsVisible = 0;
			defaultConfigurationName = Release;
		};
/* End XCConfigurationList section */
	};
	rootObject = 914E4EBD23E48F5200C88AC9 /* Project object */;
}
